lockfileVersion: '9.0'

settings:
  autoInstallPeers: true
  excludeLinksFromLockfile: false

importers:

  .:
    dependencies:
      react:
        specifier: '>=18.0.0'
        version: 19.2.5
      solid-js:
        specifier: '>=1.8.0'
        version: 1.9.12
      vue:
        specifier: '>=3.3.0'
        version: 3.5.32(typescript@5.9.3)
    devDependencies:
      '@types/react':
        specifier: ^19.2.2
        version: 19.2.14
      typescript:
        specifier: ^5.9.3
        version: 5.9.3

packages:

  '@babel/helper-string-parser@7.27.1':
    resolution: {integrity: sha512-qMlSxKbpRlAridDExk92nSobyDdpPijUq2DW6oDnUqd0iOGxmQjyqhMIihI9+zv4LPyZdRje2cavWPbCbWm3eA==, tarball: https://repo.hmirror.ir/artifactory/api/npm/mirror-npm/@babel/helper-string-parser/-/helper-string-parser-7.27.1.tgz}
    engines: {node: '>=6.9.0'}

  '@babel/helper-validator-identifier@7.28.5':
    resolution: {integrity: sha512-qSs4ifwzKJSV39ucNjsvc6WVHs6b7S03sOh2OcHF9UHfVPqWWALUsNUVzhSBiItjRZoLHx7nIarVjqKVusUZ1Q==, tarball: https://repo.hmirror.ir/artifactory/api/npm/mirror-npm/@babel/helper-validator-identifier/-/helper-validator-identifier-7.28.5.tgz}
    engines: {node: '>=6.9.0'}

  '@babel/parser@7.29.2':
    resolution: {integrity: sha512-4GgRzy/+fsBa72/RZVJmGKPmZu9Byn8o4MoLpmNe1m8ZfYnz5emHLQz3U4gLud6Zwl0RZIcgiLD7Uq7ySFuDLA==, tarball: https://repo.hmirror.ir/artifactory/api/npm/mirror-npm/@babel/parser/-/parser-7.29.2.tgz}
    engines: {node: '>=6.0.0'}
    hasBin: true

  '@babel/types@7.29.0':
    resolution: {integrity: sha512-LwdZHpScM4Qz8Xw2iKSzS+cfglZzJGvofQICy7W7v4caru4EaAmyUuO6BGrbyQ2mYV11W0U8j5mBhd14dd3B0A==, tarball: https://repo.hmirror.ir/artifactory/api/npm/mirror-npm/@babel/types/-/types-7.29.0.tgz}
    engines: {node: '>=6.9.0'}

  '@jridgewell/sourcemap-codec@1.5.5':
    resolution: {integrity: sha512-cYQ9310grqxueWbl+WuIUIaiUaDcj7WOq5fVhEljNVgRfOUhY9fy2zTvfoqWsnebh8Sl70VScFbICvJnLKB0Og==, tarball: https://repo.hmirror.ir/artifactory/api/npm/mirror-npm/@jridgewell/sourcemap-codec/-/sourcemap-codec-1.5.5.tgz}

  '@types/react@19.2.14':
    resolution: {integrity: sha512-ilcTH/UniCkMdtexkoCN0bI7pMcJDvmQFPvuPvmEaYA/NSfFTAgdUSLAoVjaRJm7+6PvcM+q1zYOwS4wTYMF9w==, tarball: https://repo.hmirror.ir/artifactory/api/npm/mirror-npm/@types/react/-/react-19.2.14.tgz}

  '@vue/compiler-core@3.5.32':
    resolution: {integrity: sha512-4x74Tbtqnda8s/NSD6e1Dr5p1c8HdMU5RWSjMSUzb8RTcUQqevDCxVAitcLBKT+ie3o0Dl9crc/S/opJM7qBGQ==, tarball: https://repo.hmirror.ir/artifactory/api/npm/mirror-npm/@vue/compiler-core/-/compiler-core-3.5.32.tgz}

  '@vue/compiler-dom@3.5.32':
    resolution: {integrity: sha512-ybHAu70NtiEI1fvAUz3oXZqkUYEe5J98GjMDpTGl5iHb0T15wQYLR4wE3h9xfuTNA+Cm2f4czfe8B4s+CCH57Q==, tarball: https://repo.hmirror.ir/artifactory/api/npm/mirror-npm/@vue/compiler-dom/-/compiler-dom-3.5.32.tgz}

  '@vue/compiler-sfc@3.5.32':
    resolution: {integrity: sha512-8UYUYo71cP/0YHMO814TRZlPuUUw3oifHuMR7Wp9SNoRSrxRQnhMLNlCeaODNn6kNTJsjFoQ/kqIj4qGvya4Xg==, tarball: https://repo.hmirror.ir/artifactory/api/npm/mirror-npm/@vue/compiler-sfc/-/compiler-sfc-3.5.32.tgz}

  '@vue/compiler-ssr@3.5.32':
    resolution: {integrity: sha512-Gp4gTs22T3DgRotZ8aA/6m2jMR+GMztvBXUBEUOYOcST+giyGWJ4WvFd7QLHBkzTxkfOt8IELKNdpzITLbA2rw==, tarball: https://repo.hmirror.ir/artifactory/api/npm/mirror-npm/@vue/compiler-ssr/-/compiler-ssr-3.5.32.tgz}

  '@vue/reactivity@3.5.32':
    resolution: {integrity: sha512-/ORasxSGvZ6MN5gc+uE364SxFdJ0+WqVG0CENXaGW58TOCdrAW76WWaplDtECeS1qphvtBZtR+3/o1g1zL4xPQ==, tarball: https://repo.hmirror.ir/artifactory/api/npm/mirror-npm/@vue/reactivity/-/reactivity-3.5.32.tgz}

  '@vue/runtime-core@3.5.32':
    resolution: {integrity: sha512-pDrXCejn4UpFDFmMd27AcJEbHaLemaE5o4pbb7sLk79SRIhc6/t34BQA7SGNgYtbMnvbF/HHOftYBgFJtUoJUQ==, tarball: https://repo.hmirror.ir/artifactory/api/npm/mirror-npm/@vue/runtime-core/-/runtime-core-3.5.32.tgz}

  '@vue/runtime-dom@3.5.32':
    resolution: {integrity: sha512-1CDVv7tv/IV13V8Nip1k/aaObVbWqRlVCVezTwx3K07p7Vxossp5JU1dcPNhJk3w347gonIUT9jQOGutyJrSVQ==, tarball: https://repo.hmirror.ir/artifactory/api/npm/mirror-npm/@vue/runtime-dom/-/runtime-dom-3.5.32.tgz}

  '@vue/server-renderer@3.5.32':
    resolution: {integrity: sha512-IOjm2+JQwRFS7W28HNuJeXQle9KdZbODFY7hFGVtnnghF51ta20EWAZJHX+zLGtsHhaU6uC9BGPV52KVpYryMQ==, tarball: https://repo.hmirror.ir/artifactory/api/npm/mirror-npm/@vue/server-renderer/-/server-renderer-3.5.32.tgz}
    peerDependencies:
      vue: 3.5.32

  '@vue/shared@3.5.32':
    resolution: {integrity: sha512-ksNyrmRQzWJJ8n3cRDuSF7zNNontuJg1YHnmWRJd2AMu8Ij2bqwiiri2lH5rHtYPZjj4STkNcgcmiQqlOjiYGg==, tarball: https://repo.hmirror.ir/artifactory/api/npm/mirror-npm/@vue/shared/-/shared-3.5.32.tgz}

  csstype@3.2.3:
    resolution: {integrity: sha512-z1HGKcYy2xA8AGQfwrn0PAy+PB7X/GSj3UVJW9qKyn43xWa+gl5nXmU4qqLMRzWVLFC8KusUX8T/0kCiOYpAIQ==, tarball: https://repo.hmirror.ir/artifactory/api/npm/mirror-npm/csstype/-/csstype-3.2.3.tgz}

  entities@7.0.1:
    resolution: {integrity: sha512-TWrgLOFUQTH994YUyl1yT4uyavY5nNB5muff+RtWaqNVCAK408b5ZnnbNAUEWLTCpum9w6arT70i1XdQ4UeOPA==, tarball: https://repo.hmirror.ir/artifactory/api/npm/mirror-npm/entities/-/entities-7.0.1.tgz}
    engines: {node: '>=0.12'}

  estree-walker@2.0.2:
    resolution: {integrity: sha512-Rfkk/Mp/DL7JVje3u18FxFujQlTNR2q6QfMSMB7AvCBx91NGj/ba3kCfza0f6dVDbw7YlRf/nDrn7pQrCCyQ/w==, tarball: https://repo.hmirror.ir/artifactory/api/npm/mirror-npm/estree-walker/-/estree-walker-2.0.2.tgz}

  magic-string@0.30.21:
    resolution: {integrity: sha512-vd2F4YUyEXKGcLHoq+TEyCjxueSeHnFxyyjNp80yg0XV4vUhnDer/lvvlqM/arB5bXQN5K2/3oinyCRyx8T2CQ==, tarball: https://repo.hmirror.ir/artifactory/api/npm/mirror-npm/magic-string/-/magic-string-0.30.21.tgz}

  nanoid@3.3.11:
    resolution: {integrity: sha512-N8SpfPUnUp1bK+PMYW8qSWdl9U+wwNWI4QKxOYDy9JAro3WMX7p2OeVRF9v+347pnakNevPmiHhNmZ2HbFA76w==, tarball: https://repo.hmirror.ir/artifactory/api/npm/mirror-npm/nanoid/-/nanoid-3.3.11.tgz}
    engines: {node: ^10 || ^12 || ^13.7 || ^14 || >=15.0.1}
    hasBin: true

  picocolors@1.1.1:
    resolution: {integrity: sha512-xceH2snhtb5M9liqDsmEw56le376mTZkEX/jEb/RxNFyegNul7eNslCXP9FDj/Lcu0X8KEyMceP2ntpaHrDEVA==, tarball: https://repo.hmirror.ir/artifactory/api/npm/mirror-npm/picocolors/-/picocolors-1.1.1.tgz}

  postcss@8.5.10:
    resolution: {integrity: sha512-pMMHxBOZKFU6HgAZ4eyGnwXF/EvPGGqUr0MnZ5+99485wwW41kW91A4LOGxSHhgugZmSChL5AlElNdwlNgcnLQ==, tarball: https://repo.hmirror.ir/artifactory/api/npm/mirror-npm/postcss/-/postcss-8.5.10.tgz}
    engines: {node: ^10 || ^12 || >=14}

  react@19.2.5:
    resolution: {integrity: sha512-llUJLzz1zTUBrskt2pwZgLq59AemifIftw4aB7JxOqf1HY2FDaGDxgwpAPVzHU1kdWabH7FauP4i1oEeer2WCA==, tarball: https://repo.hmirror.ir/artifactory/api/npm/mirror-npm/react/-/react-19.2.5.tgz}
    engines: {node: '>=0.10.0'}

  seroval-plugins@1.5.2:
    resolution: {integrity: sha512-qpY0Cl+fKYFn4GOf3cMiq6l72CpuVaawb6ILjubOQ+diJ54LfOWaSSPsaswN8DRPIPW4Yq+tE1k5aKd7ILyaFg==, tarball: https://repo.hmirror.ir/artifactory/api/npm/mirror-npm/seroval-plugins/-/seroval-plugins-1.5.2.tgz}
    engines: {node: '>=10'}
    peerDependencies:
      seroval: ^1.0

  seroval@1.5.2:
    resolution: {integrity: sha512-xcRN39BdsnO9Tf+VzsE7b3JyTJASItIV1FVFewJKCFcW4s4haIKS3e6vj8PGB9qBwC7tnuOywQMdv5N4qkzi7Q==, tarball: https://repo.hmirror.ir/artifactory/api/npm/mirror-npm/seroval/-/seroval-1.5.2.tgz}
    engines: {node: '>=10'}

  solid-js@1.9.12:
    resolution: {integrity: sha512-QzKaSJq2/iDrWR1As6MHZQ8fQkdOBf8GReYb7L5iKwMGceg7HxDcaOHk0at66tNgn9U2U7dXo8ZZpLIAmGMzgw==, tarball: https://repo.hmirror.ir/artifactory/api/npm/mirror-npm/solid-js/-/solid-js-1.9.12.tgz}

  source-map-js@1.2.1:
    resolution: {integrity: sha512-UXWMKhLOwVKb728IUtQPXxfYU+usdybtUrK/8uGE8CQMvrhOpwvzDBwj0QhSL7MQc7vIsISBG8VQ8+IDQxpfQA==, tarball: https://repo.hmirror.ir/artifactory/api/npm/mirror-npm/source-map-js/-/source-map-js-1.2.1.tgz}
    engines: {node: '>=0.10.0'}

  typescript@5.9.3:
    resolution: {integrity: sha512-jl1vZzPDinLr9eUt3J/t7V6FgNEw9QjvBPdysz9KfQDD41fQrC2Y4vKQdiaUpFT4bXlb1RHhLpp8wtm6M5TgSw==, tarball: https://repo.hmirror.ir/artifactory/api/npm/mirror-npm/typescript/-/typescript-5.9.3.tgz}
    engines: {node: '>=14.17'}
    hasBin: true

  vue@3.5.32:
    resolution: {integrity: sha512-vM4z4Q9tTafVfMAK7IVzmxg34rSzTFMyIe0UUEijUCkn9+23lj0WRfA83dg7eQZIUlgOSGrkViIaCfqSAUXsMw==, tarball: https://repo.hmirror.ir/artifactory/api/npm/mirror-npm/vue/-/vue-3.5.32.tgz}
    peerDependencies:
      typescript: '*'
    peerDependenciesMeta:
      typescript:
        optional: true

snapshots:

  '@babel/helper-string-parser@7.27.1': {}

  '@babel/helper-validator-identifier@7.28.5': {}

  '@babel/parser@7.29.2':
    dependencies:
      '@babel/types': 7.29.0

  '@babel/types@7.29.0':
    dependencies:
      '@babel/helper-string-parser': 7.27.1
      '@babel/helper-validator-identifier': 7.28.5

  '@jridgewell/sourcemap-codec@1.5.5': {}

  '@types/react@19.2.14':
    dependencies:
      csstype: 3.2.3

  '@vue/compiler-core@3.5.32':
    dependencies:
      '@babel/parser': 7.29.2
      '@vue/shared': 3.5.32
      entities: 7.0.1
      estree-walker: 2.0.2
      source-map-js: 1.2.1

  '@vue/compiler-dom@3.5.32':
    dependencies:
      '@vue/compiler-core': 3.5.32
      '@vue/shared': 3.5.32

  '@vue/compiler-sfc@3.5.32':
    dependencies:
      '@babel/parser': 7.29.2
      '@vue/compiler-core': 3.5.32
      '@vue/compiler-dom': 3.5.32
      '@vue/compiler-ssr': 3.5.32
      '@vue/shared': 3.5.32
      estree-walker: 2.0.2
      magic-string: 0.30.21
      postcss: 8.5.10
      source-map-js: 1.2.1

  '@vue/compiler-ssr@3.5.32':
    dependencies:
      '@vue/compiler-dom': 3.5.32
      '@vue/shared': 3.5.32

  '@vue/reactivity@3.5.32':
    dependencies:
      '@vue/shared': 3.5.32

  '@vue/runtime-core@3.5.32':
    dependencies:
      '@vue/reactivity': 3.5.32
      '@vue/shared': 3.5.32

  '@vue/runtime-dom@3.5.32':
    dependencies:
      '@vue/reactivity': 3.5.32
      '@vue/runtime-core': 3.5.32
      '@vue/shared': 3.5.32
      csstype: 3.2.3

  '@vue/server-renderer@3.5.32(vue@3.5.32(typescript@5.9.3))':
    dependencies:
      '@vue/compiler-ssr': 3.5.32
      '@vue/shared': 3.5.32
      vue: 3.5.32(typescript@5.9.3)

  '@vue/shared@3.5.32': {}

  csstype@3.2.3: {}

  entities@7.0.1: {}

  estree-walker@2.0.2: {}

  magic-string@0.30.21:
    dependencies:
      '@jridgewell/sourcemap-codec': 1.5.5

  nanoid@3.3.11: {}

  picocolors@1.1.1: {}

  postcss@8.5.10:
    dependencies:
      nanoid: 3.3.11
      picocolors: 1.1.1
      source-map-js: 1.2.1

  react@19.2.5: {}

  seroval-plugins@1.5.2(seroval@1.5.2):
    dependencies:
      seroval: 1.5.2

  seroval@1.5.2: {}

  solid-js@1.9.12:
    dependencies:
      csstype: 3.2.3
      seroval: 1.5.2
      seroval-plugins: 1.5.2(seroval@1.5.2)

  source-map-js@1.2.1: {}

  typescript@5.9.3: {}

  vue@3.5.32(typescript@5.9.3):
    dependencies:
      '@vue/compiler-dom': 3.5.32
      '@vue/compiler-sfc': 3.5.32
      '@vue/runtime-dom': 3.5.32
      '@vue/server-renderer': 3.5.32(vue@3.5.32(typescript@5.9.3))
      '@vue/shared': 3.5.32
    optionalDependencies:
      typescript: 5.9.3
